github.com/Meander-Cloud/go-chdyn v1.0.0 h1:bM2ts2mhL7IXPNrpJ9O8SBf1PPku82YG6kwMRfGydmM=
github.com/Meander-Cloud/go-chdyn v1.0.0/go.mod h1:W4odyJUekeu7qVNNl/EnqX45O8VRCSuLO087pTM3eO4=
github.com/emirpasic/gods/v2 v2.0.0-alpha h1:dwFlh8pBg1VMOXWGipNMRt8v96dKAIvBehtCt6OtunU=
github.com/emirpasic/gods/v2 v2.0.0-alpha/go.mod h1:W0y4M2dtBB9U5z3YlghmpuUhiaZT2h6yoeE+C1sCp6A=
